
Microsoft Visual Studio Solution File, Format Version 12.00
# Visual Studio Version 17
VisualStudioVersion = 17.9.34728.123
MinimumVisualStudioVersion = 10.0.40219.1
Project("{FAE04EC0-301F-11D3-BF4B-00C04F79EFBC}") = "HundredConvicts", "HundredConvicts\HundredConvicts.csproj", "{5BB7A21D-E0FA-44CA-9A59-7A64D20BD776}"
EndProject
Global
	GlobalSection(SolutionConfigurationPlatforms) = preSolution
		Debug|Any CPU = Debug|Any CPU
		Release|Any CPU = Release|Any CPU
	EndGlobalSection
	GlobalSection(ProjectConfigurationPlatforms) = postSolution
		{5BB7A21D-E0FA-44CA-9A59-7A64D20BD776}.Debug|Any CPU.ActiveCfg = Debug|Any CPU
		{5BB7A21D-E0FA-44CA-9A59-7A64D20BD776}.Debug|Any CPU.Build.0 = Debug|Any CPU
		{5BB7A21D-E0FA-44CA-9A59-7A64D20BD776}.Release|Any CPU.ActiveCfg = Release|Any CPU
		{5BB7A21D-E0FA-44CA-9A59-7A64D20BD776}.Release|Any CPU.Build.0 = Release|Any CPU
	EndGlobalSection
	GlobalSection(SolutionProperties) = preSolution
		HideSolutionNode = FALSE
	EndGlobalSection
	GlobalSection(ExtensibilityGlobals) = postSolution
		SolutionGuid = {54359D72-97A0-4D7C-B6EF-044E2DA3FB01}
	EndGlobalSection
EndGlobal
